
Microsoft Visual Studio Solution File, Format Version 12.00
# Visual Studio Version 17
VisualStudioVersion = 17.4.33213.308
MinimumVisualStudioVersion = 10.0.40219.1
Project("{FAE04EC0-301F-11D3-BF4B-00C04F79EFBC}") = "CapaPresentacion", "CapaPresentacion\CapaPresentacion.csproj", "{3E8E1322-8C9D-4215-8C74-056E9CFDE23D}"
EndProject
Project("{FAE04EC0-301F-11D3-BF4B-00C04F79EFBC}") = "CapaEntidades", "CapaEntidades\CapaEntidades.csproj", "{02A8B760-03CE-4129-86D3-8CFC7BFE6CC6}"
EndProject
Project("{FAE04EC0-301F-11D3-BF4B-00C04F79EFBC}") = "CapaNegocio", "CapaNegocio\CapaNegocio.csproj", "{5EF04BAA-F4C7-466D-91B8-FCD5F21B8525}"
EndProject
Project("{FAE04EC0-301F-11D3-BF4B-00C04F79EFBC}") = "CapaDatos", "CapaDatos\CapaDatos.csproj", "{98A888F7-D82A-45B7-A235-275DF762D1BE}"
EndProject
Global
	GlobalSection(SolutionConfigurationPlatforms) = preSolution
		Debug|Any CPU = Debug|Any CPU
		Release|Any CPU = Release|Any CPU
	EndGlobalSection
	GlobalSection(ProjectConfigurationPlatforms) = postSolution
		{3E8E1322-8C9D-4215-8C74-056E9CFDE23D}.Debug|Any CPU.ActiveCfg = Debug|Any CPU
		{3E8E1322-8C9D-4215-8C74-056E9CFDE23D}.Debug|Any CPU.Build.0 = Debug|Any CPU
		{3E8E1322-8C9D-4215-8C74-056E9CFDE23D}.Release|Any CPU.ActiveCfg = Release|Any CPU
		{3E8E1322-8C9D-4215-8C74-056E9CFDE23D}.Release|Any CPU.Build.0 = Release|Any CPU
		{02A8B760-03CE-4129-86D3-8CFC7BFE6CC6}.Debug|Any CPU.ActiveCfg = Debug|Any CPU
		{02A8B760-03CE-4129-86D3-8CFC7BFE6CC6}.Debug|Any CPU.Build.0 = Debug|Any CPU
		{02A8B760-03CE-4129-86D3-8CFC7BFE6CC6}.Release|Any CPU.ActiveCfg = Release|Any CPU
		{02A8B760-03CE-4129-86D3-8CFC7BFE6CC6}.Release|Any CPU.Build.0 = Release|Any CPU
		{5EF04BAA-F4C7-466D-91B8-FCD5F21B8525}.Debug|Any CPU.ActiveCfg = Debug|Any CPU
		{5EF04BAA-F4C7-466D-91B8-FCD5F21B8525}.Debug|Any CPU.Build.0 = Debug|Any CPU
		{5EF04BAA-F4C7-466D-91B8-FCD5F21B8525}.Release|Any CPU.ActiveCfg = Release|Any CPU
		{5EF04BAA-F4C7-466D-91B8-FCD5F21B8525}.Release|Any CPU.Build.0 = Release|Any CPU
		{98A888F7-D82A-45B7-A235-275DF762D1BE}.Debug|Any CPU.ActiveCfg = Debug|Any CPU
		{98A888F7-D82A-45B7-A235-275DF762D1BE}.Debug|Any CPU.Build.0 = Debug|Any CPU
		{98A888F7-D82A-45B7-A235-275DF762D1BE}.Release|Any CPU.ActiveCfg = Release|Any CPU
		{98A888F7-D82A-45B7-A235-275DF762D1BE}.Release|Any CPU.Build.0 = Release|Any CPU
	EndGlobalSection
	GlobalSection(SolutionProperties) = preSolution
		HideSolutionNode = FALSE
	EndGlobalSection
	GlobalSection(ExtensibilityGlobals) = postSolution
		SolutionGuid = {2F201A30-435E-48D6-BD01-FA4883DF9C5F}
	EndGlobalSection
EndGlobal
